{
  "name": "weather-forecast-api",
  "version": "1.0.0",
  "lockfileVersion": 1,
  "requires": true,
  "dependencies": {
    "@types/module-alias": {
      "version": "2.0.1",
      "resolved": "https://ab-inbev.pkgs.visualstudio.com/GHQ_B2B_Delta/_packaging/nfa-services/npm/registry/@types/module-alias/-/module-alias-2.0.1.tgz",
      "integrity": "sha1-5YkyNs6SIVLVfF8/l492T03utF8=",
      "dev": true
    },
    "@types/node": {
      "version": "16.11.7",
      "resolved": "https://ab-inbev.pkgs.visualstudio.com/GHQ_B2B_Delta/_packaging/nfa-services/npm/registry/@types/node/-/node-16.11.7.tgz",
      "integrity": "sha1-NoIJRQYTJpeMQqAeVrYc0iPf3EI=",
      "dev": true
    },
    "module-alias": {
      "version": "2.2.2",
      "resolved": "https://ab-inbev.pkgs.visualstudio.com/GHQ_B2B_Delta/_packaging/nfa-services/npm/registry/module-alias/-/module-alias-2.2.2.tgz",
      "integrity": "sha1-FRzc7MJOJXOf8KpuUeHFcWl0wOA="
    },
    "typescript": {
      "version": "4.4.4",
      "resolved": "https://ab-inbev.pkgs.visualstudio.com/GHQ_B2B_Delta/_packaging/nfa-services/npm/registry/typescript/-/typescript-4.4.4.tgz",
      "integrity": "sha1-LNAaGh8WBwTTEB/VpY/w+fy4Aww=",
      "dev": true
    }
  }
}
